
Microsoft Visual Studio Solution File, Format Version 12.00
# Visual Studio Version 17
VisualStudioVersion = 17.7.34031.279
MinimumVisualStudioVersion = 10.0.40219.1
Project("{FAE04EC0-301F-11D3-BF4B-00C04F79EFBC}") = "Formatted Student Gpa", "Formatted Student Gpa\Formatted Student Gpa.csproj", "{867F9FBC-6C21-41D6-B175-8E63AB215A1F}"
EndProject
Global
	GlobalSection(SolutionConfigurationPlatforms) = preSolution
		Debug|Any CPU = Debug|Any CPU
		Release|Any CPU = Release|Any CPU
	EndGlobalSection
	GlobalSection(ProjectConfigurationPlatforms) = postSolution
		{867F9FBC-6C21-41D6-B175-8E63AB215A1F}.Debug|Any CPU.ActiveCfg = Debug|Any CPU
		{867F9FBC-6C21-41D6-B175-8E63AB215A1F}.Debug|Any CPU.Build.0 = Debug|Any CPU
		{867F9FBC-6C21-41D6-B175-8E63AB215A1F}.Release|Any CPU.ActiveCfg = Release|Any CPU
		{867F9FBC-6C21-41D6-B175-8E63AB215A1F}.Release|Any CPU.Build.0 = Release|Any CPU
	EndGlobalSection
	GlobalSection(SolutionProperties) = preSolution
		HideSolutionNode = FALSE
	EndGlobalSection
	GlobalSection(ExtensibilityGlobals) = postSolution
		SolutionGuid = {3081EE6A-3C64-4C71-A8C8-79881ACC2E72}
	EndGlobalSection
EndGlobal
